// !$*UTF8*$!
{
	archiveVersion = 1;
	classes = {
	};
	objectVersion = 50;
	objects = {

/* Begin PBXBuildFile section */
		6B02E82B21A0F2070032A568 /* AppDelegate.swift in Sources */ = {isa = PBXBuildFile; fileRef = 6B02E82A21A0F2070032A568 /* AppDelegate.swift */; };
		6B02E82D21A0F2070032A568 /* ViewController.swift in Sources */ = {isa = PBXBuildFile; fileRef = 6B02E82C21A0F2070032A568 /* ViewController.swift */; };
		6B02E83021A0F2070032A568 /* Main.storyboard in Resources */ = {isa = PBXBuildFile; fileRef = 6B02E82E21A0F2070032A568 /* Main.storyboard */; };
		6B02E83221A0F2080032A568 /* Assets.xcassets in Resources */ = {isa = PBXBuildFile; fileRef = 6B02E83121A0F2080032A568 /* Assets.xcassets */; };
		6B02E83521A0F2080032A568 /* LaunchScreen.storyboard in Resources */ = {isa = PBXBuildFile; fileRef = 6B02E83321A0F2080032A568 /* LaunchScreen.storyboard */; };
		6B02E84021A0F2080032A568 /* DatePickerTests.swift in Sources */ = {isa = PBXBuildFile; fileRef = 6B02E83F21A0F2080032A568 /* DatePickerTests.swift */; };
		6B02E84B21A0F2080032A568 /* DatePickerUITests.swift in Sources */ = {isa = PBXBuildFile; fileRef = 6B02E84A21A0F2080032A568 /* DatePickerUITests.swift */; };
/* End PBXBuildFile section */

/* Begin PBXContainerItemProxy section */
		6B02E83C21A0F2080032A568 /* PBXContainerItemProxy */ = {
			isa = PBXContainerItemProxy;
			containerPortal = 6B02E81F21A0F2060032A568 /* Project object */;
			proxyType = 1;
			remoteGlobalIDString = 6B02E82621A0F2060032A568;
			remoteInfo = DatePicker;
		};
		6B02E84721A0F2080032A568 /* PBXContainerItemProxy */ = {
			isa = PBXContainerItemProxy;
			containerPortal = 6B02E81F21A0F2060032A568 /* Project object */;
			proxyType = 1;
			remoteGlobalIDString = 6B02E82621A0F2060032A568;
			remoteInfo = DatePicker;
		};
/* End PBXContainerItemProxy section */

/* Begin PBXFileReference section */
		6B02E82721A0F2060032A568 /* DatePicker.app */ = {isa = PBXFileReference; explicitFileType = wrapper.application; includeInIndex = 0; path = DatePicker.app; sourceTree = BUILT_PRODUCTS_DIR; };
		6B02E82A21A0F2070032A568 /* AppDelegate.swift */ = {isa = PBXFileReference; lastKnownFileType = sourcecode.swift; path = AppDelegate.swift; sourceTree = "<group>"; };
		6B02E82C21A0F2070032A568 /* ViewController.swift */ = {isa = PBXFileReference; lastKnownFileType = sourcecode.swift; path = ViewController.swift; sourceTree = "<group>"; };
		6B02E82F21A0F2070032A568 /* Base */ = {isa = PBXFileReference; lastKnownFileType = file.storyboard; name = Base; path = Base.lproj/Main.storyboard; sourceTree = "<group>"; };
		6B02E83121A0F2080032A568 /* Assets.xcassets */ = {isa = PBXFileReference; lastKnownFileType = folder.assetcatalog; path = Assets.xcassets; sourceTree = "<group>"; };
		6B02E83421A0F2080032A568 /* Base */ = {isa = PBXFileReference; lastKnownFileType = file.storyboard; name = Base; path = Base.lproj/LaunchScreen.storyboard; sourceTree = "<group>"; };
		6B02E83621A0F2080032A568 /* Info.plist */ = {isa = PBXFileReference; lastKnownFileType = text.plist.xml; path = Info.plist; sourceTree = "<group>"; };
		6B02E83B21A0F2080032A568 /* DatePickerTests.xctest */ = {isa = PBXFileReference; explicitFileType = wrapper.cfbundle; includeInIndex = 0; path = DatePickerTests.xctest; sourceTree = BUILT_PRODUCTS_DIR; };
		6B02E83F21A0F2080032A568 /* DatePickerTests.swift */ = {isa = PBXFileReference; lastKnownFileType = sourcecode.swift; path = DatePickerTests.swift; sourceTree = "<group>"; };
		6B02E84121A0F2080032A568 /* Info.plist */ = {isa = PBXFileReference; lastKnownFileType = text.plist.xml; path = Info.plist; sourceTree = "<group>"; };
		6B02E84621A0F2080032A568 /* DatePickerUITests.xctest */ = {isa = PBXFileReference; explicitFileType = wrapper.cfbundle; includeInIndex = 0; path = DatePickerUITests.xctest; sourceTree = BUILT_PRODUCTS_DIR; };
		6B02E84A21A0F2080032A568 /* DatePickerUITests.swift */ = {isa = PBXFileReference; lastKnownFileType = sourcecode.swift; path = DatePickerUITests.swift; sourceTree = "<group>"; };
		6B02E84C21A0F2080032A568 /* Info.plist */ = {isa = PBXFileReference; lastKnownFileType = text.plist.xml; path = Info.plist; sourceTree = "<group>"; };
/* End PBXFileReference section */

/* Begin PBXFrameworksBuildPhase section */
		6B02E82421A0F2060032A568 /* Frameworks */ = {
			isa = PBXFrameworksBuildPhase;
			buildActionMask = 2147483647;
			files = (
			);
			runOnlyForDeploymentPostprocessing = 0;
		};
		6B02E83821A0F2080032A568 /* Frameworks */ = {
			isa = PBXFrameworksBuildPhase;
			buildActionMask = 2147483647;
			files = (
			);
			runOnlyForDeploymentPostprocessing = 0;
		};
		6B02E84321A0F2080032A568 /* Frameworks */ = {
			isa = PBXFrameworksBuildPhase;
			buildActionMask = 2147483647;
			files = (
			);
			runOnlyForDeploymentPostprocessing = 0;
		};
/* End PBXFrameworksBuildPhase section */

/* Begin PBXGroup section */
		6B02E81E21A0F2060032A568 = {
			isa = PBXGroup;
			children = (
				6B02E82921A0F2060032A568 /* DatePicker */,
				6B02E83E21A0F2080032A568 /* DatePickerTests */,
				6B02E84921A0F2080032A568 /* DatePickerUITests */,
				6B02E82821A0F2060032A568 /* Products */,
			);
			sourceTree = "<group>";
		};
		6B02E82821A0F2060032A568 /* Products */ = {
			isa = PBXGroup;
			children = (
				6B02E82721A0F2060032A568 /* DatePicker.app */,
				6B02E83B21A0F2080032A568 /* DatePickerTests.xctest */,
				6B02E84621A0F2080032A568 /* DatePickerUITests.xctest */,
			);
			name = Products;
			sourceTree = "<group>";
		};
		6B02E82921A0F2060032A568 /* DatePicker */ = {
			isa = PBXGroup;
			children = (
				6B02E82A21A0F2070032A568 /* AppDelegate.swift */,
				6B02E82C21A0F2070032A568 /* ViewController.swift */,
				6B02E82E21A0F2070032A568 /* Main.storyboard */,
				6B02E83121A0F2080032A568 /* Assets.xcassets */,
				6B02E83321A0F2080032A568 /* LaunchScreen.storyboard */,
				6B02E83621A0F2080032A568 /* Info.plist */,
			);
			path = DatePicker;
			sourceTree = "<group>";
		};
		6B02E83E21A0F2080032A568 /* DatePickerTests */ = {
			isa = PBXGroup;
			children = (
				6B02E83F21A0F2080032A568 /* DatePickerTests.swift */,
				6B02E84121A0F2080032A568 /* Info.plist */,
			);
			path = DatePickerTests;
			sourceTree = "<group>";
		};
		6B02E84921A0F2080032A568 /* DatePickerUITests */ = {
			isa = PBXGroup;
			children = (
				6B02E84A21A0F2080032A568 /* DatePickerUITests.swift */,
				6B02E84C21A0F2080032A568 /* Info.plist */,
			);
			path = DatePickerUITests;
			sourceTree = "<group>";
		};
/* End PBXGroup section */

/* Begin PBXNativeTarget section */
		6B02E82621A0F2060032A568 /* DatePicker */ = {
			isa = PBXNativeTarget;
			buildConfigurationList = 6B02E84F21A0F2080032A568 /* Build configuration list for PBXNativeTarget "DatePicker" */;
			buildPhases = (
				6B02E82321A0F2060032A568 /* Sources */,
				6B02E82421A0F2060032A568 /* Frameworks */,
				6B02E82521A0F2060032A568 /* Resources */,
			);
			buildRules = (
			);
			dependencies = (
			);
			name = DatePicker;
			productName = DatePicker;
			productReference = 6B02E82721A0F2060032A568 /* DatePicker.app */;
			productType = "com.apple.product-type.application";
		};
		6B02E83A21A0F2080032A568 /* DatePickerTests */ = {
			isa = PBXNativeTarget;
			buildConfigurationList = 6B02E85221A0F2080032A568 /* Build configuration list for PBXNativeTarget "DatePickerTests" */;
			buildPhases = (
				6B02E83721A0F2080032A568 /* Sources */,
				6B02E83821A0F2080032A568 /* Frameworks */,
				6B02E83921A0F2080032A568 /* Resources */,
			);
			buildRules = (
			);
			dependencies = (
				6B02E83D21A0F2080032A568 /* PBXTargetDependency */,
			);
			name = DatePickerTests;
			productName = DatePickerTests;
			productReference = 6B02E83B21A0F2080032A568 /* DatePickerTests.xctest */;
			productType = "com.apple.product-type.bundle.unit-test";
		};
		6B02E84521A0F2080032A568 /* DatePickerUITests */ = {
			isa = PBXNativeTarget;
			buildConfigurationList = 6B02E85521A0F2080032A568 /* Build configuration list for PBXNativeTarget "DatePickerUITests" */;
			buildPhases = (
				6B02E84221A0F2080032A568 /* Sources */,
				6B02E84321A0F2080032A568 /* Frameworks */,
				6B02E84421A0F2080032A568 /* Resources */,
			);
			buildRules = (
			);
			dependencies = (
				6B02E84821A0F2080032A568 /* PBXTargetDependency */,
			);
			name = DatePickerUITests;
			productName = DatePickerUITests;
			productReference = 6B02E84621A0F2080032A568 /* DatePickerUITests.xctest */;
			productType = "com.apple.product-type.bundle.ui-testing";
		};
/* End PBXNativeTarget section */

/* Begin PBXProject section */
		6B02E81F21A0F2060032A568 /* Project object */ = {
			isa = PBXProject;
			attributes = {
				LastSwiftUpdateCheck = 1010;
				LastUpgradeCheck = 1010;
				ORGANIZATIONNAME = "402-27";
				TargetAttributes = {
					6B02E82621A0F2060032A568 = {
						CreatedOnToolsVersion = 10.1;
					};
					6B02E83A21A0F2080032A568 = {
						CreatedOnToolsVersion = 10.1;
						TestTargetID = 6B02E82621A0F2060032A568;
					};
					6B02E84521A0F2080032A568 = {
						CreatedOnToolsVersion = 10.1;
						TestTargetID = 6B02E82621A0F2060032A568;
					};
				};
			};
			buildConfigurationList = 6B02E82221A0F2060032A568 /* Build configuration list for PBXProject "DatePicker" */;
			compatibilityVersion = "Xcode 9.3";
			developmentRegion = en;
			hasScannedForEncodings = 0;
			knownRegions = (
				en,
				Base,
			);
			mainGroup = 6B02E81E21A0F2060032A568;
			productRefGroup = 6B02E82821A0F2060032A568 /* Products */;
			projectDirPath = "";
			projectRoot = "";
			targets = (
				6B02E82621A0F2060032A568 /* DatePicker */,
				6B02E83A21A0F2080032A568 /* DatePickerTests */,
				6B02E84521A0F2080032A568 /* DatePickerUITests */,
			);
		};
/* End PBXProject section */

/* Begin PBXResourcesBuildPhase section */
		6B02E82521A0F2060032A568 /* Resources */ = {
			isa = PBXResourcesBuildPhase;
			buildActionMask = 2147483647;
			files = (
				6B02E83521A0F2080032A568 /* LaunchScreen.storyboard in Resources */,
				6B02E83221A0F2080032A568 /* Assets.xcassets in Resources */,
				6B02E83021A0F2070032A568 /* Main.storyboard in Resources */,
			);
			runOnlyForDeploymentPostprocessing = 0;
		};
		6B02E83921A0F2080032A568 /* Resources */ = {
			isa = PBXResourcesBuildPhase;
			buildActionMask = 2147483647;
			files = (
			);
			runOnlyForDeploymentPostprocessing = 0;
		};
		6B02E84421A0F2080032A568 /* Resources */ = {
			isa = PBXResourcesBuildPhase;
			buildActionMask = 2147483647;
			files = (
			);
			runOnlyForDeploymentPostprocessing = 0;
		};
/* End PBXResourcesBuildPhase section */

/* Begin PBXSourcesBuildPhase section */
		6B02E82321A0F2060032A568 /* Sources */ = {
			isa = PBXSourcesBuildPhase;
			buildActionMask = 2147483647;
			files = (
				6B02E82D21A0F2070032A568 /* ViewController.swift in Sources */,
				6B02E82B21A0F2070032A568 /* AppDelegate.swift in Sources */,
			);
			runOnlyForDeploymentPostprocessing = 0;
		};
		6B02E83721A0F2080032A568 /* Sources */ = {
			isa = PBXSourcesBuildPhase;
			buildActionMask = 2147483647;
			files = (
				6B02E84021A0F2080032A568 /* DatePickerTests.swift in Sources */,
			);
			runOnlyForDeploymentPostprocessing = 0;
		};
		6B02E84221A0F2080032A568 /* Sources */ = {
			isa = PBXSourcesBuildPhase;
			buildActionMask = 2147483647;
			files = (
				6B02E84B21A0F2080032A568 /* DatePickerUITests.swift in Sources */,
			);
			runOnlyForDeploymentPostprocessing = 0;
		};
/* End PBXSourcesBuildPhase section */

/* Begin PBXTargetDependency section */
		6B02E83D21A0F2080032A568 /* PBXTargetDependency */ = {
			isa = PBXTargetDependency;
			target = 6B02E82621A0F2060032A568 /* DatePicker */;
			targetProxy = 6B02E83C21A0F2080032A568 /* PBXContainerItemProxy */;
		};
		6B02E84821A0F2080032A568 /* PBXTargetDependency */ = {
			isa = PBXTargetDependency;
			target = 6B02E82621A0F2060032A568 /* DatePicker */;
			targetProxy = 6B02E84721A0F2080032A568 /* PBXContainerItemProxy */;
		};
/* End PBXTargetDependency section */

/* Begin PBXVariantGroup section */
		6B02E82E21A0F2070032A568 /* Main.storyboard */ = {
			isa = PBXVariantGroup;
			children = (
				6B02E82F21A0F2070032A568 /* Base */,
			);
			name = Main.storyboard;
			sourceTree = "<group>";
		};
		6B02E83321A0F2080032A568 /* LaunchScreen.storyboard */ = {
			isa = PBXVariantGroup;
			children = (
				6B02E83421A0F2080032A568 /* Base */,
			);
			name = LaunchScreen.storyboard;
			sourceTree = "<group>";
		};
/* End PBXVariantGroup section */

/* Begin XCBuildConfiguration section */
		6B02E84D21A0F2080032A568 /* Debug */ = {
			isa = XCBuildConfiguration;
			buildSettings = {
				ALWAYS_SEARCH_USER_PATHS = NO;
				CLANG_ANALYZER_NONNULL = YES;
				CLANG_ANALYZER_NUMBER_OBJECT_CONVERSION = YES_AGGRESSIVE;
				CLANG_CXX_LANGUAGE_STANDARD = "gnu++14";
				CLANG_CXX_LIBRARY = "libc++";
				CLANG_ENABLE_MODULES = YES;
				CLANG_ENABLE_OBJC_ARC = YES;
				CLANG_ENABLE_OBJC_WEAK = YES;
				CLANG_WARN_BLOCK_CAPTURE_AUTORELEASING = YES;
				CLANG_WARN_BOOL_CONVERSION = YES;
				CLANG_WARN_COMMA = YES;
				CLANG_WARN_CONSTANT_CONVERSION = YES;
				CLANG_WARN_DEPRECATED_OBJC_IMPLEMENTATIONS = YES;
				CLANG_WARN_DIRECT_OBJC_ISA_USAGE = YES_ERROR;
				CLANG_WARN_DOCUMENTATION_COMMENTS = YES;
				CLANG_WARN_EMPTY_BODY = YES;
				CLANG_WARN_ENUM_CONVERSION = YES;
				CLANG_WARN_INFINITE_RECURSION = YES;
				CLANG_WARN_INT_CONVERSION = YES;
				CLANG_WARN_NON_LITERAL_NULL_CONVERSION = YES;
				CLANG_WARN_OBJC_IMPLICIT_RETAIN_SELF = YES;
				CLANG_WARN_OBJC_LITERAL_CONVERSION = YES;
				CLANG_WARN_OBJC_ROOT_CLASS = YES_ERROR;
				CLANG_WARN_RANGE_LOOP_ANALYSIS = YES;
				CLANG_WARN_STRICT_PROTOTYPES = YES;
				CLANG_WARN_SUSPICIOUS_MOVE = YES;
				CLANG_WARN_UNGUARDED_AVAILABILITY = YES_AGGRESSIVE;
				CLANG_WARN_UNREACHABLE_CODE = YES;
				CLANG_WARN__DUPLICATE_METHOD_MATCH = YES;
				CODE_SIGN_IDENTITY = "iPhone Developer";
				COPY_PHASE_STRIP = NO;
				DEBUG_INFORMATION_FORMAT = dwarf;
				ENABLE_STRICT_OBJC_MSGSEND = YES;
				ENABLE_TESTABILITY = YES;
				GCC_C_LANGUAGE_STANDARD = gnu11;
				GCC_DYNAMIC_NO_PIC = NO;
				GCC_NO_COMMON_BLOCKS = YES;
				GCC_OPTIMIZATION_LEVEL = 0;
				GCC_PREPROCESSOR_DEFINITIONS = (
					"DEBUG=1",
					"$(inherited)",
				);
				GCC_WARN_64_TO_32_BIT_CONVERSION = YES;
				GCC_WARN_ABOUT_RETURN_TYPE = YES_ERROR;
				GCC_WARN_UNDECLARED_SELECTOR = YES;
				GCC_WARN_UNINITIALIZED_AUTOS = YES_AGGRESSIVE;
				GCC_WARN_UNUSED_FUNCTION = YES;
				GCC_WARN_UNUSED_VARIABLE = YES;
				IPHONEOS_DEPLOYMENT_TARGET = 12.1;
				MTL_ENABLE_DEBUG_INFO = INCLUDE_SOURCE;
				MTL_FAST_MATH = YES;
				ONLY_ACTIVE_ARCH = YES;
				SDKROOT = iphoneos;
				SWIFT_ACTIVE_COMPILATION_CONDITIONS = DEBUG;
				SWIFT_OPTIMIZATION_LEVEL = "-Onone";
			};
			name = Debug;
		};
		6B02E84E21A0F2080032A568 /* Release */ = {
			isa = XCBuildConfiguration;
			buildSettings = {
				ALWAYS_SEARCH_USER_PATHS = NO;
				CLANG_ANALYZER_NONNULL = YES;
				CLANG_ANALYZER_NUMBER_OBJECT_CONVERSION = YES_AGGRESSIVE;
				CLANG_CXX_LANGUAGE_STANDARD = "gnu++14";
				CLANG_CXX_LIBRARY = "libc++";
				CLANG_ENABLE_MODULES = YES;
				CLANG_ENABLE_OBJC_ARC = YES;
				CLANG_ENABLE_OBJC_WEAK = YES;
				CLANG_WARN_BLOCK_CAPTURE_AUTORELEASING = YES;
				CLANG_WARN_BOOL_CONVERSION = YES;
				CLANG_WARN_COMMA = YES;
				CLANG_WARN_CONSTANT_CONVERSION = YES;
				CLANG_WARN_DEPRECATED_OBJC_IMPLEMENTATIONS = YES;
				CLANG_WARN_DIRECT_OBJC_ISA_USAGE = YES_ERROR;
				CLANG_WARN_DOCUMENTATION_COMMENTS = YES;
				CLANG_WARN_EMPTY_BODY = YES;
				CLANG_WARN_ENUM_CONVERSION = YES;
				CLANG_WARN_INFINITE_RECURSION = YES;
				CLANG_WARN_INT_CONVERSION = YES;
				CLANG_WARN_NON_LITERAL_NULL_CONVERSION = YES;
				CLANG_WARN_OBJC_IMPLICIT_RETAIN_SELF = YES;
				CLANG_WARN_OBJC_LITERAL_CONVERSION = YES;
				CLANG_WARN_OBJC_ROOT_CLASS = YES_ERROR;
				CLANG_WARN_RANGE_LOOP_ANALYSIS = YES;
				CLANG_WARN_STRICT_PROTOTYPES = YES;
				CLANG_WARN_SUSPICIOUS_MOVE = YES;
				CLANG_WARN_UNGUARDED_AVAILABILITY = YES_AGGRESSIVE;
				CLANG_WARN_UNREACHABLE_CODE = YES;
				CLANG_WARN__DUPLICATE_METHOD_MATCH = YES;
				CODE_SIGN_IDENTITY = "iPhone Developer";
				COPY_PHASE_STRIP = NO;
				DEBUG_INFORMATION_FORMAT = "dwarf-with-dsym";
				ENABLE_NS_ASSERTIONS = NO;
				ENABLE_STRICT_OBJC_MSGSEND = YES;
				GCC_C_LANGUAGE_STANDARD = gnu11;
				GCC_NO_COMMON_BLOCKS = YES;
				GCC_WARN_64_TO_32_BIT_CONVERSION = YES;
				GCC_WARN_ABOUT_RETURN_TYPE = YES_ERROR;
				GCC_WARN_UNDECLARED_SELECTOR = YES;
				GCC_WARN_UNINITIALIZED_AUTOS = YES_AGGRESSIVE;
				GCC_WARN_UNUSED_FUNCTION = YES;
				GCC_WARN_UNUSED_VARIABLE = YES;
				IPHONEOS_DEPLOYMENT_TARGET = 12.1;
				MTL_ENABLE_DEBUG_INFO = NO;
				MTL_FAST_MATH = YES;
				SDKROOT = iphoneos;
				SWIFT_COMPILATION_MODE = wholemodule;
				SWIFT_OPTIMIZATION_LEVEL = "-O";
				VALIDATE_PRODUCT = YES;
			};
			name = Release;
		};
		6B02E85021A0F2080032A568 /* Debug */ = {
			isa = XCBuildConfiguration;
			buildSettings = {
				ASSETCATALOG_COMPILER_APPICON_NAME = AppIcon;
				CODE_SIGN_STYLE = Automatic;
				INFOPLIST_FILE = DatePicker/Info.plist;
				LD_RUNPATH_SEARCH_PATHS = (
					"$(inherited)",
					"@executable_path/Frameworks",
				);
				PRODUCT_BUNDLE_IDENTIFIER = winnie.DatePicker;
				PRODUCT_NAME = "$(TARGET_NAME)";
				SWIFT_VERSION = 4.2;
				TARGETED_DEVICE_FAMILY = "1,2";
			};
			name = Debug;
		};
		6B02E85121A0F2080032A568 /* Release */ = {
			isa = XCBuildConfiguration;
			buildSettings = {
				ASSETCATALOG_COMPILER_APPICON_NAME = AppIcon;
				CODE_SIGN_STYLE = Automatic;
				INFOPLIST_FILE = DatePicker/Info.plist;
				LD_RUNPATH_SEARCH_PATHS = (
					"$(inherited)",
					"@executable_path/Frameworks",
				);
				PRODUCT_BUNDLE_IDENTIFIER = winnie.DatePicker;
				PRODUCT_NAME = "$(TARGET_NAME)";
				SWIFT_VERSION = 4.2;
				TARGETED_DEVICE_FAMILY = "1,2";
			};
			name = Release;
		};
		6B02E85321A0F2080032A568 /* Debug */ = {
			isa = XCBuildConfiguration;
			buildSettings = {
				ALWAYS_EMBED_SWIFT_STANDARD_LIBRARIES = YES;
				BUNDLE_LOADER = "$(TEST_HOST)";
				CODE_SIGN_STYLE = Automatic;
				INFOPLIST_FILE = DatePickerTests/Info.plist;
				LD_RUNPATH_SEARCH_PATHS = (
					"$(inherited)",
					"@executable_path/Frameworks",
					"@loader_path/Frameworks",
				);
				PRODUCT_BUNDLE_IDENTIFIER = winnie.DatePickerTests;
				PRODUCT_NAME = "$(TARGET_NAME)";
				SWIFT_VERSION = 4.2;
				TARGETED_DEVICE_FAMILY = "1,2";
				TEST_HOST = "$(BUILT_PRODUCTS_DIR)/DatePicker.app/DatePicker";
			};
			name = Debug;
		};
		6B02E85421A0F2080032A568 /* Release */ = {
			isa = XCBuildConfiguration;
			buildSettings = {
				ALWAYS_EMBED_SWIFT_STANDARD_LIBRARIES = YES;
				BUNDLE_LOADER = "$(TEST_HOST)";
				CODE_SIGN_STYLE = Automatic;
				INFOPLIST_FILE = DatePickerTests/Info.plist;
				LD_RUNPATH_SEARCH_PATHS = (
					"$(inherited)",
					"@executable_path/Frameworks",
					"@loader_path/Frameworks",
				);
				PRODUCT_BUNDLE_IDENTIFIER = winnie.DatePickerTests;
				PRODUCT_NAME = "$(TARGET_NAME)";
				SWIFT_VERSION = 4.2;
				TARGETED_DEVICE_FAMILY = "1,2";
				TEST_HOST = "$(BUILT_PRODUCTS_DIR)/DatePicker.app/DatePicker";
			};
			name = Release;
		};
		6B02E85621A0F2080032A568 /* Debug */ = {
			isa = XCBuildConfiguration;
			buildSettings = {
				ALWAYS_EMBED_SWIFT_STANDARD_LIBRARIES = YES;
				CODE_SIGN_STYLE = Automatic;
				INFOPLIST_FILE = DatePickerUITests/Info.plist;
				LD_RUNPATH_SEARCH_PATHS = (
					"$(inherited)",
					"@executable_path/Frameworks",
					"@loader_path/Frameworks",
				);
				PRODUCT_BUNDLE_IDENTIFIER = winnie.DatePickerUITests;
				PRODUCT_NAME = "$(TARGET_NAME)";
				SWIFT_VERSION = 4.2;
				TARGETED_DEVICE_FAMILY = "1,2";
				TEST_TARGET_NAME = DatePicker;
			};
			name = Debug;
		};
		6B02E85721A0F2080032A568 /* Release */ = {
			isa = XCBuildConfiguration;
			buildSettings = {
				ALWAYS_EMBED_SWIFT_STANDARD_LIBRARIES = YES;
				CODE_SIGN_STYLE = Automatic;
				INFOPLIST_FILE = DatePickerUITests/Info.plist;
				LD_RUNPATH_SEARCH_PATHS = (
					"$(inherited)",
					"@executable_path/Frameworks",
					"@loader_path/Frameworks",
				);
				PRODUCT_BUNDLE_IDENTIFIER = winnie.DatePickerUITests;
				PRODUCT_NAME = "$(TARGET_NAME)";
				SWIFT_VERSION = 4.2;
				TARGETED_DEVICE_FAMILY = "1,2";
				TEST_TARGET_NAME = DatePicker;
			};
			name = Release;
		};
/* End XCBuildConfiguration section */

/* Begin XCConfigurationList section */
		6B02E82221A0F2060032A568 /* Build configuration list for PBXProject "DatePicker" */ = {
			isa = XCConfigurationList;
			buildConfigurations = (
				6B02E84D21A0F2080032A568 /* Debug */,
				6B02E84E21A0F2080032A568 /* Release */,
			);
			defaultConfigurationIsVisible = 0;
			defaultConfigurationName = Release;
		};
		6B02E84F21A0F2080032A568 /* Build configuration list for PBXNativeTarget "DatePicker" */ = {
			isa = XCConfigurationList;
			buildConfigurations = (
				6B02E85021A0F2080032A568 /* Debug */,
				6B02E85121A0F2080032A568 /* Release */,
			);
			defaultConfigurationIsVisible = 0;
			defaultConfigurationName = Release;
		};
		6B02E85221A0F2080032A568 /* Build configuration list for PBXNativeTarget "DatePickerTests" */ = {
			isa = XCConfigurationList;
			buildConfigurations = (
				6B02E85321A0F2080032A568 /* Debug */,
				6B02E85421A0F2080032A568 /* Release */,
			);
			defaultConfigurationIsVisible = 0;
			defaultConfigurationName = Release;
		};
		6B02E85521A0F2080032A568 /* Build configuration list for PBXNativeTarget "DatePickerUITests" */ = {
			isa = XCConfigurationList;
			buildConfigurations = (
				6B02E85621A0F2080032A568 /* Debug */,
				6B02E85721A0F2080032A568 /* Release */,
			);
			defaultConfigurationIsVisible = 0;
			defaultConfigurationName = Release;
		};
/* End XCConfigurationList section */
	};
	rootObject = 6B02E81F21A0F2060032A568 /* Project object */;
}
